{
  "name": "webwork3",
  "lockfileVersion": 2,
  "requires": true,
  "packages": {
    "": {
      "dependencies": {
        "mdb-ui-kit": "^3.8.0"
      }
    },
    "node_modules/mdb-ui-kit": {
      "version": "3.8.0",
      "resolved": "https://registry.npmjs.org/mdb-ui-kit/-/mdb-ui-kit-3.8.0.tgz",
      "integrity": "sha512-KMJZlGzhHPlMJBPClovuRstVigOoN//dcoQXH0q7nzK3QXS/8LLSKUbAu4lCt7J5nA1G0ShZKUSngAMBmVbxjQ=="
    }
  },
  "dependencies": {
    "mdb-ui-kit": {
      "version": "3.8.0",
      "resolved": "https://registry.npmjs.org/mdb-ui-kit/-/mdb-ui-kit-3.8.0.tgz",
      "integrity": "sha512-KMJZlGzhHPlMJBPClovuRstVigOoN//dcoQXH0q7nzK3QXS/8LLSKUbAu4lCt7J5nA1G0ShZKUSngAMBmVbxjQ=="
    }
  }
}
